<?xml version="1.0" encoding="utf-8"?>
<Project ToolsVersion="4.0" xmlns="http://schemas.microsoft.com/developer/msbuild/2003">
  <ItemGroup>
    <Filter Include="Source Files">
      <UniqueIdentifier>{4FC737F1-C7A5-4376-A066-2A32D752A2FF}</UniqueIdentifier>
      <Extensions>cpp;c;cc;cxx;def;odl;idl;hpj;bat;asm;asmx</Extensions>
    </Filter>
    <Filter Include="Source Files\Objects">
      <UniqueIdentifier>{0954e21c-0dae-447b-b495-57c99c2e66bb}</UniqueIdentifier>
    </Filter>
    <Filter Include="Source Files\Methods &amp; Defines">
      <UniqueIdentifier>{53a31318-f6e9-4ca0-9a20-c7fd0203d6da}</UniqueIdentifier>
    </Filter>
  </ItemGroup>
  <ItemGroup>
    <ClCompile Include="GameWorld.cpp">
      <Filter>Source Files</Filter>
    </ClCompile>
    <ClCompile Include="Source\Render.cpp">
      <Filter>Source Files</Filter>
    </ClCompile>
    <ClCompile Include="Source\Simulation.cpp">
      <Filter>Source Files</Filter>
    </ClCompile>
    <ClCompile Include="BaseEntiry.cpp">
      <Filter>Source Files\Objects</Filter>
    </ClCompile>
    <ClCompile Include="GameObject.cpp">
      <Filter>Source Files\Objects</Filter>
    </ClCompile>
    <ClCompile Include="Player.cpp">
      <Filter>Source Files\Objects</Filter>
    </ClCompile>
    <ClCompile Include="Source\Methods.cpp">
      <Filter>Source Files\Methods &amp; Defines</Filter>
    </ClCompile>
    <ClCompile Include="Source\Main.cpp" />
    <ClCompile Include="Enemy.cpp">
      <Filter>Source Files\Objects</Filter>
    </ClCompile>
    <ClCompile Include="Source\Math.cpp">
      <Filter>Source Files\Methods &amp; Defines</Filter>
    </ClCompile>
  </ItemGroup>
  <ItemGroup>
    <ClInclude Include="GameWorld.h">
      <Filter>Source Files</Filter>
    </ClInclude>
    <ClInclude Include="Source\Render.h">
      <Filter>Source Files</Filter>
    </ClInclude>
    <ClInclude Include="Source\Simulation.h">
      <Filter>Source Files</Filter>
    </ClInclude>
    <ClInclude Include="BaseEntiry.h">
      <Filter>Source Files\Objects</Filter>
    </ClInclude>
    <ClInclude Include="GameObject.h">
      <Filter>Source Files\Objects</Filter>
    </ClInclude>
    <ClInclude Include="Player.h">
      <Filter>Source Files\Objects</Filter>
    </ClInclude>
    <ClInclude Include="Source\Defines.h">
      <Filter>Source Files\Methods &amp; Defines</Filter>
    </ClInclude>
    <ClInclude Include="Source\Methods.h">
      <Filter>Source Files\Methods &amp; Defines</Filter>
    </ClInclude>
    <ClInclude Include="Source\Main.h" />
    <ClInclude Include="Enemy.h">
      <Filter>Source Files\Objects</Filter>
    </ClInclude>
    <ClInclude Include="Source\Math.h">
      <Filter>Source Files\Methods &amp; Defines</Filter>
    </ClInclude>
  </ItemGroup>
</Project>